
Microsoft Visual Studio Solution File, Format Version 10.00
# Visual C# Express 2008
Project("{FAE04EC0-301F-11D3-BF4B-00C04F79EFBC}") = "SAT Monitoreo", "SAT Monitoreo.csproj", "{64598964-CBC3-4003-B664-C4610233D5BB}"
EndProject
Global
	GlobalSection(SolutionConfigurationPlatforms) = preSolution
		Debug|Any CPU = Debug|Any CPU
		Release|Any CPU = Release|Any CPU
	EndGlobalSection
	GlobalSection(ProjectConfigurationPlatforms) = postSolution
		{64598964-CBC3-4003-B664-C4610233D5BB}.Debug|Any CPU.ActiveCfg = Debug|Any CPU
		{64598964-CBC3-4003-B664-C4610233D5BB}.Debug|Any CPU.Build.0 = Debug|Any CPU
		{64598964-CBC3-4003-B664-C4610233D5BB}.Release|Any CPU.ActiveCfg = Release|Any CPU
		{64598964-CBC3-4003-B664-C4610233D5BB}.Release|Any CPU.Build.0 = Release|Any CPU
	EndGlobalSection
	GlobalSection(SolutionProperties) = preSolution
		HideSolutionNode = FALSE
	EndGlobalSection
EndGlobal
